
Microsoft Visual Studio Solution File, Format Version 12.00
# Visual Studio Version 16
VisualStudioVersion = 16.0.30330.147
MinimumVisualStudioVersion = 10.0.40219.1
Project("{FAE04EC0-301F-11D3-BF4B-00C04F79EFBC}") = "Datos", "Datos\Datos.csproj", "{6A8FD521-9D61-485E-B905-2C2D4AE209F8}"
EndProject
Project("{FAE04EC0-301F-11D3-BF4B-00C04F79EFBC}") = "Presentacion", "Presentacion\Presentacion.csproj", "{FCA31879-35CE-4069-A46E-D7FFA8950415}"
EndProject
Global
	GlobalSection(SolutionConfigurationPlatforms) = preSolution
		Debug|Any CPU = Debug|Any CPU
		Release|Any CPU = Release|Any CPU
	EndGlobalSection
	GlobalSection(ProjectConfigurationPlatforms) = postSolution
		{6A8FD521-9D61-485E-B905-2C2D4AE209F8}.Debug|Any CPU.ActiveCfg = Debug|Any CPU
		{6A8FD521-9D61-485E-B905-2C2D4AE209F8}.Debug|Any CPU.Build.0 = Debug|Any CPU
		{6A8FD521-9D61-485E-B905-2C2D4AE209F8}.Release|Any CPU.ActiveCfg = Release|Any CPU
		{6A8FD521-9D61-485E-B905-2C2D4AE209F8}.Release|Any CPU.Build.0 = Release|Any CPU
		{FCA31879-35CE-4069-A46E-D7FFA8950415}.Debug|Any CPU.ActiveCfg = Debug|Any CPU
		{FCA31879-35CE-4069-A46E-D7FFA8950415}.Debug|Any CPU.Build.0 = Debug|Any CPU
		{FCA31879-35CE-4069-A46E-D7FFA8950415}.Release|Any CPU.ActiveCfg = Release|Any CPU
		{FCA31879-35CE-4069-A46E-D7FFA8950415}.Release|Any CPU.Build.0 = Release|Any CPU
	EndGlobalSection
	GlobalSection(SolutionProperties) = preSolution
		HideSolutionNode = FALSE
	EndGlobalSection
	GlobalSection(ExtensibilityGlobals) = postSolution
		SolutionGuid = {21A41AD2-43D2-4850-82F1-4572755A6FFE}
	EndGlobalSection
EndGlobal
